// !$*UTF8*$!
{
	archiveVersion = 1;
	classes = {
	};
	objectVersion = 46;
	objects = {

/* Begin PBXBuildFile section */
		62256AF61DA4BC1F00724946 /* LogInViewController.swift in Sources */ = {isa = PBXBuildFile; fileRef = 62256AF51DA4BC1F00724946 /* LogInViewController.swift */; };
		6235E4F21E29ACAA00EDC62E /* User.swift in Sources */ = {isa = PBXBuildFile; fileRef = 6235E4F11E29ACAA00EDC62E /* User.swift */; };
		629239791E2FE34500AD8E16 /* HistoryTableViewController.swift in Sources */ = {isa = PBXBuildFile; fileRef = 629239781E2FE34500AD8E16 /* HistoryTableViewController.swift */; };
		6292397B1E2FE6C300AD8E16 /* HistoryTableViewCell.swift in Sources */ = {isa = PBXBuildFile; fileRef = 6292397A1E2FE6C300AD8E16 /* HistoryTableViewCell.swift */; };
		62B38C631E3299A600EEB719 /* UserPopUpViewController.swift in Sources */ = {isa = PBXBuildFile; fileRef = 62B38C621E3299A600EEB719 /* UserPopUpViewController.swift */; };
		62B38C651E32DC5300EEB719 /* PopUpBrain.swift in Sources */ = {isa = PBXBuildFile; fileRef = 62B38C641E32DC5300EEB719 /* PopUpBrain.swift */; };
		62B6EE311E2EDDC200204ECA /* Location.swift in Sources */ = {isa = PBXBuildFile; fileRef = 62B6EE301E2EDDC200204ECA /* Location.swift */; };
		62C4E2331E3AB11300A7DB97 /* Main.storyboard in Resources */ = {isa = PBXBuildFile; fileRef = 62C4E2321E3AB11300A7DB97 /* Main.storyboard */; };
		62CA6C391DB45B1200E8BA6B /* MapViewController.swift in Sources */ = {isa = PBXBuildFile; fileRef = 62CA6C381DB45B1200E8BA6B /* MapViewController.swift */; };
		62CECBCA1E3041B300C366B5 /* CreateAccountBrain.swift in Sources */ = {isa = PBXBuildFile; fileRef = 62CECBC91E3041B300C366B5 /* CreateAccountBrain.swift */; };
		62CECBCE1E316CAC00C366B5 /* CancleButton.swift in Sources */ = {isa = PBXBuildFile; fileRef = 62CECBCD1E316CAC00C366B5 /* CancleButton.swift */; };
		62CECBD01E316D8E00C366B5 /* SaveButton.swift in Sources */ = {isa = PBXBuildFile; fileRef = 62CECBCF1E316D8E00C366B5 /* SaveButton.swift */; };
		62D972D31D94B8E800AF9543 /* AppDelegate.swift in Sources */ = {isa = PBXBuildFile; fileRef = 62D972D21D94B8E800AF9543 /* AppDelegate.swift */; };
		62D972DB1D94B8E800AF9543 /* TheFinder.xcdatamodeld in Sources */ = {isa = PBXBuildFile; fileRef = 62D972D91D94B8E800AF9543 /* TheFinder.xcdatamodeld */; };
		62D972DD1D94B8E800AF9543 /* Assets.xcassets in Resources */ = {isa = PBXBuildFile; fileRef = 62D972DC1D94B8E800AF9543 /* Assets.xcassets */; };
		62D972E01D94B8E800AF9543 /* LaunchScreen.storyboard in Resources */ = {isa = PBXBuildFile; fileRef = 62D972DE1D94B8E800AF9543 /* LaunchScreen.storyboard */; };
		62E8CBB21DA5A20C0000762F /* MainButton.swift in Sources */ = {isa = PBXBuildFile; fileRef = 62E8CBB11DA5A20C0000762F /* MainButton.swift */; };
		62E8CBB41DA5A37D0000762F /* UserViewController.swift in Sources */ = {isa = PBXBuildFile; fileRef = 62E8CBB31DA5A37D0000762F /* UserViewController.swift */; };
		62E8CBB61DA5A7DA0000762F /* CreateAccountViewController.swift in Sources */ = {isa = PBXBuildFile; fileRef = 62E8CBB51DA5A7DA0000762F /* CreateAccountViewController.swift */; };
		62F164881E3987DD0049EEA2 /* Reachability.swift in Sources */ = {isa = PBXBuildFile; fileRef = 62F164871E3987DD0049EEA2 /* Reachability.swift */; };
		62F80DB61E2E9E4D006218E4 /* LogInBrain.swift in Sources */ = {isa = PBXBuildFile; fileRef = 62F80DB51E2E9E4D006218E4 /* LogInBrain.swift */; };
/* End PBXBuildFile section */

/* Begin PBXFileReference section */
		62256AF51DA4BC1F00724946 /* LogInViewController.swift */ = {isa = PBXFileReference; fileEncoding = 4; lastKnownFileType = sourcecode.swift; path = LogInViewController.swift; sourceTree = "<group>"; };
		6235E4F11E29ACAA00EDC62E /* User.swift */ = {isa = PBXFileReference; fileEncoding = 4; lastKnownFileType = sourcecode.swift; path = User.swift; sourceTree = "<group>"; };
		629239781E2FE34500AD8E16 /* HistoryTableViewController.swift */ = {isa = PBXFileReference; fileEncoding = 4; lastKnownFileType = sourcecode.swift; path = HistoryTableViewController.swift; sourceTree = "<group>"; };
		6292397A1E2FE6C300AD8E16 /* HistoryTableViewCell.swift */ = {isa = PBXFileReference; fileEncoding = 4; lastKnownFileType = sourcecode.swift; path = HistoryTableViewCell.swift; sourceTree = "<group>"; };
		62B38C621E3299A600EEB719 /* UserPopUpViewController.swift */ = {isa = PBXFileReference; fileEncoding = 4; lastKnownFileType = sourcecode.swift; path = UserPopUpViewController.swift; sourceTree = "<group>"; };
		62B38C641E32DC5300EEB719 /* PopUpBrain.swift */ = {isa = PBXFileReference; fileEncoding = 4; lastKnownFileType = sourcecode.swift; path = PopUpBrain.swift; sourceTree = "<group>"; };
		62B6EE301E2EDDC200204ECA /* Location.swift */ = {isa = PBXFileReference; fileEncoding = 4; lastKnownFileType = sourcecode.swift; path = Location.swift; sourceTree = "<group>"; };
		62C4E2321E3AB11300A7DB97 /* Main.storyboard */ = {isa = PBXFileReference; fileEncoding = 4; lastKnownFileType = file.storyboard; name = Main.storyboard; path = ../../../../Desktop/Main.storyboard; sourceTree = "<group>"; };
		62CA6C381DB45B1200E8BA6B /* MapViewController.swift */ = {isa = PBXFileReference; fileEncoding = 4; lastKnownFileType = sourcecode.swift; path = MapViewController.swift; sourceTree = "<group>"; };
		62CECBC91E3041B300C366B5 /* CreateAccountBrain.swift */ = {isa = PBXFileReference; fileEncoding = 4; lastKnownFileType = sourcecode.swift; path = CreateAccountBrain.swift; sourceTree = "<group>"; };
		62CECBCD1E316CAC00C366B5 /* CancleButton.swift */ = {isa = PBXFileReference; fileEncoding = 4; lastKnownFileType = sourcecode.swift; path = CancleButton.swift; sourceTree = "<group>"; };
		62CECBCF1E316D8E00C366B5 /* SaveButton.swift */ = {isa = PBXFileReference; fileEncoding = 4; lastKnownFileType = sourcecode.swift; path = SaveButton.swift; sourceTree = "<group>"; };
		62D972CF1D94B8E800AF9543 /* TheFinder.app */ = {isa = PBXFileReference; explicitFileType = wrapper.application; includeInIndex = 0; path = TheFinder.app; sourceTree = BUILT_PRODUCTS_DIR; };
		62D972D21D94B8E800AF9543 /* AppDelegate.swift */ = {isa = PBXFileReference; lastKnownFileType = sourcecode.swift; path = AppDelegate.swift; sourceTree = "<group>"; };
		62D972DA1D94B8E800AF9543 /* TheFinder.xcdatamodel */ = {isa = PBXFileReference; lastKnownFileType = wrapper.xcdatamodel; path = TheFinder.xcdatamodel; sourceTree = "<group>"; };
		62D972DC1D94B8E800AF9543 /* Assets.xcassets */ = {isa = PBXFileReference; lastKnownFileType = folder.assetcatalog; path = Assets.xcassets; sourceTree = "<group>"; };
		62D972DF1D94B8E800AF9543 /* Base */ = {isa = PBXFileReference; lastKnownFileType = file.storyboard; name = Base; path = Base.lproj/LaunchScreen.storyboard; sourceTree = "<group>"; };
		62D972E11D94B8E800AF9543 /* Info.plist */ = {isa = PBXFileReference; lastKnownFileType = text.plist.xml; path = Info.plist; sourceTree = "<group>"; };
		62E8CBB11DA5A20C0000762F /* MainButton.swift */ = {isa = PBXFileReference; fileEncoding = 4; lastKnownFileType = sourcecode.swift; path = MainButton.swift; sourceTree = "<group>"; };
		62E8CBB31DA5A37D0000762F /* UserViewController.swift */ = {isa = PBXFileReference; fileEncoding = 4; lastKnownFileType = sourcecode.swift; path = UserViewController.swift; sourceTree = "<group>"; };
		62E8CBB51DA5A7DA0000762F /* CreateAccountViewController.swift */ = {isa = PBXFileReference; fileEncoding = 4; lastKnownFileType = sourcecode.swift; path = CreateAccountViewController.swift; sourceTree = "<group>"; };
		62F164871E3987DD0049EEA2 /* Reachability.swift */ = {isa = PBXFileReference; fileEncoding = 4; lastKnownFileType = sourcecode.swift; path = Reachability.swift; sourceTree = "<group>"; };
		62F80DB51E2E9E4D006218E4 /* LogInBrain.swift */ = {isa = PBXFileReference; fileEncoding = 4; lastKnownFileType = sourcecode.swift; path = LogInBrain.swift; sourceTree = "<group>"; };
/* End PBXFileReference section */

/* Begin PBXFrameworksBuildPhase section */
		62D972CC1D94B8E800AF9543 /* Frameworks */ = {
			isa = PBXFrameworksBuildPhase;
			buildActionMask = 2147483647;
			files = (
			);
			runOnlyForDeploymentPostprocessing = 0;
		};
/* End PBXFrameworksBuildPhase section */

/* Begin PBXGroup section */
		6235E4EF1E29AC4E00EDC62E /* Support */ = {
			isa = PBXGroup;
			children = (
				62D972D21D94B8E800AF9543 /* AppDelegate.swift */,
				62D972DC1D94B8E800AF9543 /* Assets.xcassets */,
				62D972DE1D94B8E800AF9543 /* LaunchScreen.storyboard */,
				62D972E11D94B8E800AF9543 /* Info.plist */,
				62D972D91D94B8E800AF9543 /* TheFinder.xcdatamodeld */,
			);
			name = Support;
			sourceTree = "<group>";
		};
		6235E4F01E29AC7900EDC62E /* DataModel */ = {
			isa = PBXGroup;
			children = (
				6235E4F11E29ACAA00EDC62E /* User.swift */,
				62B6EE301E2EDDC200204ECA /* Location.swift */,
			);
			name = DataModel;
			sourceTree = "<group>";
		};
		6283FD5F1E36D14500E4012F /* Custom popUp */ = {
			isa = PBXGroup;
			children = (
				62B38C621E3299A600EEB719 /* UserPopUpViewController.swift */,
			);
			name = "Custom popUp";
			sourceTree = "<group>";
		};
		62B6EE2F1E2EDAD300204ECA /* Brain */ = {
			isa = PBXGroup;
			children = (
				62F80DB51E2E9E4D006218E4 /* LogInBrain.swift */,
				62CECBC91E3041B300C366B5 /* CreateAccountBrain.swift */,
				62B38C641E32DC5300EEB719 /* PopUpBrain.swift */,
			);
			name = Brain;
			sourceTree = "<group>";
		};
		62CECBC71E30412E00C366B5 /* Custom Cells */ = {
			isa = PBXGroup;
			children = (
				6292397A1E2FE6C300AD8E16 /* HistoryTableViewCell.swift */,
			);
			name = "Custom Cells";
			sourceTree = "<group>";
		};
		62CECBC81E30416F00C366B5 /* Custom Buttons */ = {
			isa = PBXGroup;
			children = (
				62E8CBB11DA5A20C0000762F /* MainButton.swift */,
				62CECBCD1E316CAC00C366B5 /* CancleButton.swift */,
				62CECBCF1E316D8E00C366B5 /* SaveButton.swift */,
			);
			name = "Custom Buttons";
			sourceTree = "<group>";
		};
		62D972C61D94B8E700AF9543 = {
			isa = PBXGroup;
			children = (
				62D972D11D94B8E800AF9543 /* TheFinder */,
				62D972D01D94B8E800AF9543 /* Products */,
			);
			sourceTree = "<group>";
		};
		62D972D01D94B8E800AF9543 /* Products */ = {
			isa = PBXGroup;
			children = (
				62D972CF1D94B8E800AF9543 /* TheFinder.app */,
			);
			name = Products;
			sourceTree = "<group>";
		};
		62D972D11D94B8E800AF9543 /* TheFinder */ = {
			isa = PBXGroup;
			children = (
				62CECBC81E30416F00C366B5 /* Custom Buttons */,
				62CECBC71E30412E00C366B5 /* Custom Cells */,
				6235E4F01E29AC7900EDC62E /* DataModel */,
				62256AF51DA4BC1F00724946 /* LogInViewController.swift */,
				62C4E2321E3AB11300A7DB97 /* Main.storyboard */,
				62E8CBB31DA5A37D0000762F /* UserViewController.swift */,
				62E8CBB51DA5A7DA0000762F /* CreateAccountViewController.swift */,
				62CA6C381DB45B1200E8BA6B /* MapViewController.swift */,
				629239781E2FE34500AD8E16 /* HistoryTableViewController.swift */,
				62F164871E3987DD0049EEA2 /* Reachability.swift */,
				6283FD5F1E36D14500E4012F /* Custom popUp */,
				6235E4EF1E29AC4E00EDC62E /* Support */,
				62B6EE2F1E2EDAD300204ECA /* Brain */,
			);
			path = TheFinder;
			sourceTree = "<group>";
		};
/* End PBXGroup section */

/* Begin PBXNativeTarget section */
		62D972CE1D94B8E800AF9543 /* TheFinder */ = {
			isa = PBXNativeTarget;
			buildConfigurationList = 62D972E41D94B8E800AF9543 /* Build configuration list for PBXNativeTarget "TheFinder" */;
			buildPhases = (
				62D972CB1D94B8E800AF9543 /* Sources */,
				62D972CC1D94B8E800AF9543 /* Frameworks */,
				62D972CD1D94B8E800AF9543 /* Resources */,
			);
			buildRules = (
			);
			dependencies = (
			);
			name = TheFinder;
			productName = TheFinder;
			productReference = 62D972CF1D94B8E800AF9543 /* TheFinder.app */;
			productType = "com.apple.product-type.application";
		};
/* End PBXNativeTarget section */

/* Begin PBXProject section */
		62D972C71D94B8E700AF9543 /* Project object */ = {
			isa = PBXProject;
			attributes = {
				LastSwiftUpdateCheck = 0800;
				LastUpgradeCheck = 0800;
				ORGANIZATIONNAME = TheFinder;
				TargetAttributes = {
					62D972CE1D94B8E800AF9543 = {
						CreatedOnToolsVersion = 8.0;
						DevelopmentTeam = 22VBN794M4;
						ProvisioningStyle = Automatic;
					};
				};
			};
			buildConfigurationList = 62D972CA1D94B8E700AF9543 /* Build configuration list for PBXProject "TheFinder" */;
			compatibilityVersion = "Xcode 3.2";
			developmentRegion = English;
			hasScannedForEncodings = 0;
			knownRegions = (
				en,
				Base,
			);
			mainGroup = 62D972C61D94B8E700AF9543;
			productRefGroup = 62D972D01D94B8E800AF9543 /* Products */;
			projectDirPath = "";
			projectRoot = "";
			targets = (
				62D972CE1D94B8E800AF9543 /* TheFinder */,
			);
		};
/* End PBXProject section */

/* Begin PBXResourcesBuildPhase section */
		62D972CD1D94B8E800AF9543 /* Resources */ = {
			isa = PBXResourcesBuildPhase;
			buildActionMask = 2147483647;
			files = (
				62D972E01D94B8E800AF9543 /* LaunchScreen.storyboard in Resources */,
				62C4E2331E3AB11300A7DB97 /* Main.storyboard in Resources */,
				62D972DD1D94B8E800AF9543 /* Assets.xcassets in Resources */,
			);
			runOnlyForDeploymentPostprocessing = 0;
		};
/* End PBXResourcesBuildPhase section */

/* Begin PBXSourcesBuildPhase section */
		62D972CB1D94B8E800AF9543 /* Sources */ = {
			isa = PBXSourcesBuildPhase;
			buildActionMask = 2147483647;
			files = (
				62E8CBB61DA5A7DA0000762F /* CreateAccountViewController.swift in Sources */,
				62B6EE311E2EDDC200204ECA /* Location.swift in Sources */,
				62F80DB61E2E9E4D006218E4 /* LogInBrain.swift in Sources */,
				62256AF61DA4BC1F00724946 /* LogInViewController.swift in Sources */,
				62E8CBB41DA5A37D0000762F /* UserViewController.swift in Sources */,
				629239791E2FE34500AD8E16 /* HistoryTableViewController.swift in Sources */,
				6292397B1E2FE6C300AD8E16 /* HistoryTableViewCell.swift in Sources */,
				62B38C651E32DC5300EEB719 /* PopUpBrain.swift in Sources */,
				62CECBD01E316D8E00C366B5 /* SaveButton.swift in Sources */,
				62D972DB1D94B8E800AF9543 /* TheFinder.xcdatamodeld in Sources */,
				6235E4F21E29ACAA00EDC62E /* User.swift in Sources */,
				62D972D31D94B8E800AF9543 /* AppDelegate.swift in Sources */,
				62F164881E3987DD0049EEA2 /* Reachability.swift in Sources */,
				62E8CBB21DA5A20C0000762F /* MainButton.swift in Sources */,
				62CA6C391DB45B1200E8BA6B /* MapViewController.swift in Sources */,
				62B38C631E3299A600EEB719 /* UserPopUpViewController.swift in Sources */,
				62CECBCE1E316CAC00C366B5 /* CancleButton.swift in Sources */,
				62CECBCA1E3041B300C366B5 /* CreateAccountBrain.swift in Sources */,
			);
			runOnlyForDeploymentPostprocessing = 0;
		};
/* End PBXSourcesBuildPhase section */

/* Begin PBXVariantGroup section */
		62D972DE1D94B8E800AF9543 /* LaunchScreen.storyboard */ = {
			isa = PBXVariantGroup;
			children = (
				62D972DF1D94B8E800AF9543 /* Base */,
			);
			name = LaunchScreen.storyboard;
			sourceTree = "<group>";
		};
/* End PBXVariantGroup section */

/* Begin XCBuildConfiguration section */
		62D972E21D94B8E800AF9543 /* Debug */ = {
			isa = XCBuildConfiguration;
			buildSettings = {
				ALWAYS_SEARCH_USER_PATHS = NO;
				CLANG_ANALYZER_NONNULL = YES;
				CLANG_CXX_LANGUAGE_STANDARD = "gnu++0x";
				CLANG_CXX_LIBRARY = "libc++";
				CLANG_ENABLE_MODULES = YES;
				CLANG_ENABLE_OBJC_ARC = YES;
				CLANG_WARN_BOOL_CONVERSION = YES;
				CLANG_WARN_CONSTANT_CONVERSION = YES;
				CLANG_WARN_DIRECT_OBJC_ISA_USAGE = YES_ERROR;
				CLANG_WARN_DOCUMENTATION_COMMENTS = YES;
				CLANG_WARN_EMPTY_BODY = YES;
				CLANG_WARN_ENUM_CONVERSION = YES;
				CLANG_WARN_INFINITE_RECURSION = YES;
				CLANG_WARN_INT_CONVERSION = YES;
				CLANG_WARN_OBJC_ROOT_CLASS = YES_ERROR;
				CLANG_WARN_SUSPICIOUS_MOVES = YES;
				CLANG_WARN_UNREACHABLE_CODE = YES;
				CLANG_WARN__DUPLICATE_METHOD_MATCH = YES;
				"CODE_SIGN_IDENTITY[sdk=iphoneos*]" = "iPhone Developer";
				COPY_PHASE_STRIP = NO;
				DEBUG_INFORMATION_FORMAT = dwarf;
				ENABLE_STRICT_OBJC_MSGSEND = YES;
				ENABLE_TESTABILITY = YES;
				GCC_C_LANGUAGE_STANDARD = gnu99;
				GCC_DYNAMIC_NO_PIC = NO;
				GCC_NO_COMMON_BLOCKS = YES;
				GCC_OPTIMIZATION_LEVEL = 0;
				GCC_PREPROCESSOR_DEFINITIONS = (
					"DEBUG=1",
					"$(inherited)",
				);
				GCC_WARN_64_TO_32_BIT_CONVERSION = YES;
				GCC_WARN_ABOUT_RETURN_TYPE = YES_ERROR;
				GCC_WARN_UNDECLARED_SELECTOR = YES;
				GCC_WARN_UNINITIALIZED_AUTOS = YES_AGGRESSIVE;
				GCC_WARN_UNUSED_FUNCTION = YES;
				GCC_WARN_UNUSED_VARIABLE = YES;
				IPHONEOS_DEPLOYMENT_TARGET = 10.0;
				MTL_ENABLE_DEBUG_INFO = YES;
				ONLY_ACTIVE_ARCH = YES;
				SDKROOT = iphoneos;
				SWIFT_ACTIVE_COMPILATION_CONDITIONS = DEBUG;
				SWIFT_OPTIMIZATION_LEVEL = "-Onone";
			};
			name = Debug;
		};
		62D972E31D94B8E800AF9543 /* Release */ = {
			isa = XCBuildConfiguration;
			buildSettings = {
				ALWAYS_SEARCH_USER_PATHS = NO;
				CLANG_ANALYZER_NONNULL = YES;
				CLANG_CXX_LANGUAGE_STANDARD = "gnu++0x";
				CLANG_CXX_LIBRARY = "libc++";
				CLANG_ENABLE_MODULES = YES;
				CLANG_ENABLE_OBJC_ARC = YES;
				CLANG_WARN_BOOL_CONVERSION = YES;
				CLANG_WARN_CONSTANT_CONVERSION = YES;
				CLANG_WARN_DIRECT_OBJC_ISA_USAGE = YES_ERROR;
				CLANG_WARN_DOCUMENTATION_COMMENTS = YES;
				CLANG_WARN_EMPTY_BODY = YES;
				CLANG_WARN_ENUM_CONVERSION = YES;
				CLANG_WARN_INFINITE_RECURSION = YES;
				CLANG_WARN_INT_CONVERSION = YES;
				CLANG_WARN_OBJC_ROOT_CLASS = YES_ERROR;
				CLANG_WARN_SUSPICIOUS_MOVES = YES;
				CLANG_WARN_UNREACHABLE_CODE = YES;
				CLANG_WARN__DUPLICATE_METHOD_MATCH = YES;
				"CODE_SIGN_IDENTITY[sdk=iphoneos*]" = "iPhone Developer";
				COPY_PHASE_STRIP = NO;
				DEBUG_INFORMATION_FORMAT = "dwarf-with-dsym";
				ENABLE_NS_ASSERTIONS = NO;
				ENABLE_STRICT_OBJC_MSGSEND = YES;
				GCC_C_LANGUAGE_STANDARD = gnu99;
				GCC_NO_COMMON_BLOCKS = YES;
				GCC_WARN_64_TO_32_BIT_CONVERSION = YES;
				GCC_WARN_ABOUT_RETURN_TYPE = YES_ERROR;
				GCC_WARN_UNDECLARED_SELECTOR = YES;
				GCC_WARN_UNINITIALIZED_AUTOS = YES_AGGRESSIVE;
				GCC_WARN_UNUSED_FUNCTION = YES;
				GCC_WARN_UNUSED_VARIABLE = YES;
				IPHONEOS_DEPLOYMENT_TARGET = 10.0;
				MTL_ENABLE_DEBUG_INFO = NO;
				SDKROOT = iphoneos;
				SWIFT_OPTIMIZATION_LEVEL = "-Owholemodule";
				VALIDATE_PRODUCT = YES;
			};
			name = Release;
		};
		62D972E51D94B8E800AF9543 /* Debug */ = {
			isa = XCBuildConfiguration;
			buildSettings = {
				ASSETCATALOG_COMPILER_APPICON_NAME = AppIcon;
				DEVELOPMENT_TEAM = 22VBN794M4;
				INFOPLIST_FILE = TheFinder/Info.plist;
				LD_RUNPATH_SEARCH_PATHS = "$(inherited) @executable_path/Frameworks";
				PRODUCT_BUNDLE_IDENTIFIER = edu.sjsu.roberto;
				PRODUCT_NAME = "$(TARGET_NAME)";
				SWIFT_VERSION = 3.0;
			};
			name = Debug;
		};
		62D972E61D94B8E800AF9543 /* Release */ = {
			isa = XCBuildConfiguration;
			buildSettings = {
				ASSETCATALOG_COMPILER_APPICON_NAME = AppIcon;
				DEVELOPMENT_TEAM = 22VBN794M4;
				INFOPLIST_FILE = TheFinder/Info.plist;
				LD_RUNPATH_SEARCH_PATHS = "$(inherited) @executable_path/Frameworks";
				PRODUCT_BUNDLE_IDENTIFIER = edu.sjsu.roberto;
				PRODUCT_NAME = "$(TARGET_NAME)";
				SWIFT_VERSION = 3.0;
			};
			name = Release;
		};
/* End XCBuildConfiguration section */

/* Begin XCConfigurationList section */
		62D972CA1D94B8E700AF9543 /* Build configuration list for PBXProject "TheFinder" */ = {
			isa = XCConfigurationList;
			buildConfigurations = (
				62D972E21D94B8E800AF9543 /* Debug */,
				62D972E31D94B8E800AF9543 /* Release */,
			);
			defaultConfigurationIsVisible = 0;
			defaultConfigurationName = Release;
		};
		62D972E41D94B8E800AF9543 /* Build configuration list for PBXNativeTarget "TheFinder" */ = {
			isa = XCConfigurationList;
			buildConfigurations = (
				62D972E51D94B8E800AF9543 /* Debug */,
				62D972E61D94B8E800AF9543 /* Release */,
			);
			defaultConfigurationIsVisible = 0;
			defaultConfigurationName = Release;
		};
/* End XCConfigurationList section */

/* Begin XCVersionGroup section */
		62D972D91D94B8E800AF9543 /* TheFinder.xcdatamodeld */ = {
			isa = XCVersionGroup;
			children = (
				62D972DA1D94B8E800AF9543 /* TheFinder.xcdatamodel */,
			);
			currentVersion = 62D972DA1D94B8E800AF9543 /* TheFinder.xcdatamodel */;
			path = TheFinder.xcdatamodeld;
			sourceTree = "<group>";
			versionGroupType = wrapper.xcdatamodel;
		};
/* End XCVersionGroup section */
	};
	rootObject = 62D972C71D94B8E700AF9543 /* Project object */;
}
